
Microsoft Visual Studio Solution File, Format Version 12.00
# Visual Studio Version 16
VisualStudioVersion = 16.0.30225.117
MinimumVisualStudioVersion = 10.0.40219.1
Project("{FAE04EC0-301F-11D3-BF4B-00C04F79EFBC}") = "taskList", "taskList\taskList.csproj", "{4960987D-5782-4087-9609-89F522980A9A}"
EndProject
Global
	GlobalSection(SolutionConfigurationPlatforms) = preSolution
		Debug|Any CPU = Debug|Any CPU
		Release|Any CPU = Release|Any CPU
	EndGlobalSection
	GlobalSection(ProjectConfigurationPlatforms) = postSolution
		{4960987D-5782-4087-9609-89F522980A9A}.Debug|Any CPU.ActiveCfg = Debug|Any CPU
		{4960987D-5782-4087-9609-89F522980A9A}.Debug|Any CPU.Build.0 = Debug|Any CPU
		{4960987D-5782-4087-9609-89F522980A9A}.Release|Any CPU.ActiveCfg = Release|Any CPU
		{4960987D-5782-4087-9609-89F522980A9A}.Release|Any CPU.Build.0 = Release|Any CPU
	EndGlobalSection
	GlobalSection(SolutionProperties) = preSolution
		HideSolutionNode = FALSE
	EndGlobalSection
	GlobalSection(ExtensibilityGlobals) = postSolution
		SolutionGuid = {3D7A90F3-A826-42FE-9F53-7399DE6D5BD3}
	EndGlobalSection
EndGlobal
